
Microsoft Visual Studio Solution File, Format Version 12.00
# Visual Studio Version 17
VisualStudioVersion = 17.14.36221.1
MinimumVisualStudioVersion = 10.0.40219.1
Project("{FAE04EC0-301F-11D3-BF4B-00C04F79EFBC}") = "Gender.BusinessObject.Shared.Models.DuyVK", "Gender.BusinessObject.Shared.Models.DuyVK\Gender.BusinessObject.Shared.Models.DuyVK.csproj", "{92AFDD03-A7B9-4DCF-A831-D964291B0073}"
EndProject
Project("{FAE04EC0-301F-11D3-BF4B-00C04F79EFBC}") = "Gender.Common.Shared.DuyVK", "Gender.Common.Shared.DuyVK\Gender.Common.Shared.DuyVK.csproj", "{C66C4D3D-7A8E-459A-AA6E-D8B8E15D1035}"
EndProject
Project("{FAE04EC0-301F-11D3-BF4B-00C04F79EFBC}") = "Gender.OcelotAPIGateway.DuyVK", "Gender.OcelotAPIGateway.DuyVK\Gender.OcelotAPIGateway.DuyVK.csproj", "{CAE7A8EF-A73D-4814-A7BB-336808A8B146}"
EndProject
Project("{FAE04EC0-301F-11D3-BF4B-00C04F79EFBC}") = "Gender.MenstrualCycleReminderDuyVKs.Microservices.DuyVK", "Gender.MenstrualCycleReminderDuyVKs.Microservices.DuyVK\Gender.MenstrualCycleReminderDuyVKs.Microservices.DuyVK.csproj", "{F707C3EF-F490-4243-93FC-3318095BC54B}"
EndProject
Project("{FAE04EC0-301F-11D3-BF4B-00C04F79EFBC}") = "Gender.ReminderCategoryDuyVKs.Microservices.DuyVK", "Gender.ReminderCategoryDuyVKs.Microservices.DuyVK\Gender.ReminderCategoryDuyVKs.Microservices.DuyVK.csproj", "{EF45DDA0-B192-4EEE-BAA6-CC723CDAD8DD}"
EndProject
Project("{FAE04EC0-301F-11D3-BF4B-00C04F79EFBC}") = "Gender.Client.MauiHybridApp.DuyVK", "Gender.Client.MauiHybridApp.DuyVK\Gender.Client.MauiHybridApp.DuyVK.csproj", "{5BED9B8F-407F-4926-A926-43F97B81060E}"
EndProject
Global
	GlobalSection(SolutionConfigurationPlatforms) = preSolution
		Debug|Any CPU = Debug|Any CPU
		Release|Any CPU = Release|Any CPU
	EndGlobalSection
	GlobalSection(ProjectConfigurationPlatforms) = postSolution
		{92AFDD03-A7B9-4DCF-A831-D964291B0073}.Debug|Any CPU.ActiveCfg = Debug|Any CPU
		{92AFDD03-A7B9-4DCF-A831-D964291B0073}.Debug|Any CPU.Build.0 = Debug|Any CPU
		{92AFDD03-A7B9-4DCF-A831-D964291B0073}.Release|Any CPU.ActiveCfg = Release|Any CPU
		{92AFDD03-A7B9-4DCF-A831-D964291B0073}.Release|Any CPU.Build.0 = Release|Any CPU
		{C66C4D3D-7A8E-459A-AA6E-D8B8E15D1035}.Debug|Any CPU.ActiveCfg = Debug|Any CPU
		{C66C4D3D-7A8E-459A-AA6E-D8B8E15D1035}.Debug|Any CPU.Build.0 = Debug|Any CPU
		{C66C4D3D-7A8E-459A-AA6E-D8B8E15D1035}.Release|Any CPU.ActiveCfg = Release|Any CPU
		{C66C4D3D-7A8E-459A-AA6E-D8B8E15D1035}.Release|Any CPU.Build.0 = Release|Any CPU
		{CAE7A8EF-A73D-4814-A7BB-336808A8B146}.Debug|Any CPU.ActiveCfg = Debug|Any CPU
		{CAE7A8EF-A73D-4814-A7BB-336808A8B146}.Debug|Any CPU.Build.0 = Debug|Any CPU
		{CAE7A8EF-A73D-4814-A7BB-336808A8B146}.Release|Any CPU.ActiveCfg = Release|Any CPU
		{CAE7A8EF-A73D-4814-A7BB-336808A8B146}.Release|Any CPU.Build.0 = Release|Any CPU
		{F707C3EF-F490-4243-93FC-3318095BC54B}.Debug|Any CPU.ActiveCfg = Debug|Any CPU
		{F707C3EF-F490-4243-93FC-3318095BC54B}.Debug|Any CPU.Build.0 = Debug|Any CPU
		{F707C3EF-F490-4243-93FC-3318095BC54B}.Release|Any CPU.ActiveCfg = Release|Any CPU
		{F707C3EF-F490-4243-93FC-3318095BC54B}.Release|Any CPU.Build.0 = Release|Any CPU
		{EF45DDA0-B192-4EEE-BAA6-CC723CDAD8DD}.Debug|Any CPU.ActiveCfg = Debug|Any CPU
		{EF45DDA0-B192-4EEE-BAA6-CC723CDAD8DD}.Debug|Any CPU.Build.0 = Debug|Any CPU
		{EF45DDA0-B192-4EEE-BAA6-CC723CDAD8DD}.Release|Any CPU.ActiveCfg = Release|Any CPU
		{EF45DDA0-B192-4EEE-BAA6-CC723CDAD8DD}.Release|Any CPU.Build.0 = Release|Any CPU
		{5BED9B8F-407F-4926-A926-43F97B81060E}.Debug|Any CPU.ActiveCfg = Debug|Any CPU
		{5BED9B8F-407F-4926-A926-43F97B81060E}.Debug|Any CPU.Build.0 = Debug|Any CPU
		{5BED9B8F-407F-4926-A926-43F97B81060E}.Debug|Any CPU.Deploy.0 = Debug|Any CPU
		{5BED9B8F-407F-4926-A926-43F97B81060E}.Release|Any CPU.ActiveCfg = Release|Any CPU
		{5BED9B8F-407F-4926-A926-43F97B81060E}.Release|Any CPU.Build.0 = Release|Any CPU
		{5BED9B8F-407F-4926-A926-43F97B81060E}.Release|Any CPU.Deploy.0 = Release|Any CPU
	EndGlobalSection
	GlobalSection(SolutionProperties) = preSolution
		HideSolutionNode = FALSE
	EndGlobalSection
	GlobalSection(ExtensibilityGlobals) = postSolution
		SolutionGuid = {66DD04C3-B14C-4CE8-B54F-E47CDBB8E868}
	EndGlobalSection
EndGlobal
