
Microsoft Visual Studio Solution File, Format Version 12.00
# Visual Studio Version 17
VisualStudioVersion = 17.13.35931.197
MinimumVisualStudioVersion = 10.0.40219.1
Project("{FAE04EC0-301F-11D3-BF4B-00C04F79EFBC}") = "Gender.Services.DuyVK", "Gender.Services.DuyVK\Gender.Services.DuyVK.csproj", "{1E8D3766-2FC0-0D47-ABB6-50A6A9A6052E}"
EndProject
Project("{FAE04EC0-301F-11D3-BF4B-00C04F79EFBC}") = "Gender.Repositories.DuyVK", "Gender.Repositories.DuyVK\Gender.Repositories.DuyVK.csproj", "{02417C78-7AF2-F0BE-3844-B2A2E8A9591A}"
EndProject
Project("{FAE04EC0-301F-11D3-BF4B-00C04F79EFBC}") = "Gender.GrpcService.DuyVK", "Gender.GrpcService.DuyVK\Gender.GrpcService.DuyVK.csproj", "{301141D7-4953-488F-AD52-258CC5DDE078}"
EndProject
Project("{FAE04EC0-301F-11D3-BF4B-00C04F79EFBC}") = "Gender.GrpcClient.DuyVK", "Gender.GrpcClient.DuyVK\Gender.GrpcClient.DuyVK.csproj", "{C5BC97A2-6F27-49A0-A0CB-83C5667CBD2C}"
EndProject
Global
	GlobalSection(SolutionConfigurationPlatforms) = preSolution
		Debug|Any CPU = Debug|Any CPU
		Release|Any CPU = Release|Any CPU
	EndGlobalSection
	GlobalSection(ProjectConfigurationPlatforms) = postSolution
		{1E8D3766-2FC0-0D47-ABB6-50A6A9A6052E}.Debug|Any CPU.ActiveCfg = Debug|Any CPU
		{1E8D3766-2FC0-0D47-ABB6-50A6A9A6052E}.Debug|Any CPU.Build.0 = Debug|Any CPU
		{1E8D3766-2FC0-0D47-ABB6-50A6A9A6052E}.Release|Any CPU.ActiveCfg = Release|Any CPU
		{1E8D3766-2FC0-0D47-ABB6-50A6A9A6052E}.Release|Any CPU.Build.0 = Release|Any CPU
		{02417C78-7AF2-F0BE-3844-B2A2E8A9591A}.Debug|Any CPU.ActiveCfg = Debug|Any CPU
		{02417C78-7AF2-F0BE-3844-B2A2E8A9591A}.Debug|Any CPU.Build.0 = Debug|Any CPU
		{02417C78-7AF2-F0BE-3844-B2A2E8A9591A}.Release|Any CPU.ActiveCfg = Release|Any CPU
		{02417C78-7AF2-F0BE-3844-B2A2E8A9591A}.Release|Any CPU.Build.0 = Release|Any CPU
		{301141D7-4953-488F-AD52-258CC5DDE078}.Debug|Any CPU.ActiveCfg = Debug|Any CPU
		{301141D7-4953-488F-AD52-258CC5DDE078}.Debug|Any CPU.Build.0 = Debug|Any CPU
		{301141D7-4953-488F-AD52-258CC5DDE078}.Release|Any CPU.ActiveCfg = Release|Any CPU
		{301141D7-4953-488F-AD52-258CC5DDE078}.Release|Any CPU.Build.0 = Release|Any CPU
		{C5BC97A2-6F27-49A0-A0CB-83C5667CBD2C}.Debug|Any CPU.ActiveCfg = Debug|Any CPU
		{C5BC97A2-6F27-49A0-A0CB-83C5667CBD2C}.Debug|Any CPU.Build.0 = Debug|Any CPU
		{C5BC97A2-6F27-49A0-A0CB-83C5667CBD2C}.Release|Any CPU.ActiveCfg = Release|Any CPU
		{C5BC97A2-6F27-49A0-A0CB-83C5667CBD2C}.Release|Any CPU.Build.0 = Release|Any CPU
	EndGlobalSection
	GlobalSection(SolutionProperties) = preSolution
		HideSolutionNode = FALSE
	EndGlobalSection
	GlobalSection(ExtensibilityGlobals) = postSolution
		SolutionGuid = {7871FD44-8CC7-4B7B-95EF-6BE7CD5709DF}
	EndGlobalSection
EndGlobal
